
Microsoft Visual Studio Solution File, Format Version 12.00
# Visual Studio Version 17
VisualStudioVersion = 17.6.33829.357
MinimumVisualStudioVersion = 10.0.40219.1
Project("{9A19103F-16F7-4668-BE54-9A1E7A4F7556}") = "Vacancies", "WorkHunter\Vacancies.csproj", "{43248519-BA39-4A2B-8D34-76A736DD6658}"
EndProject
Project("{9A19103F-16F7-4668-BE54-9A1E7A4F7556}") = "DomainLayer", "DomainLayer\DomainLayer.csproj", "{41529B60-7645-4A5F-A783-2ED5C19A0AD8}"
EndProject
Project("{9A19103F-16F7-4668-BE54-9A1E7A4F7556}") = "RepositoryLayer", "RepositoryLayer\RepositoryLayer.csproj", "{5E711A0A-52AC-4056-B122-AA7FDCBFF2A0}"
EndProject
Project("{9A19103F-16F7-4668-BE54-9A1E7A4F7556}") = "ServiceLayer", "ServiceLayer\ServiceLayer.csproj", "{670A8EC6-56E5-4422-8643-6711F309678F}"
EndProject
Project("{2150E333-8FDC-42A3-9474-1A3956D46DE8}") = "MicroserviceApplication", "MicroserviceApplication", "{C3C0CC8F-A7A1-48F9-9A4C-0683DC6DB113}"
EndProject
Project("{9A19103F-16F7-4668-BE54-9A1E7A4F7556}") = "User", "PersonsApi\User.csproj", "{130ACA99-3D7B-4910-B0DD-C318CE724DAE}"
EndProject
Project("{9A19103F-16F7-4668-BE54-9A1E7A4F7556}") = "Company", "JobGiver\Company.csproj", "{32C35EA6-90C6-4E4D-9754-5CFB78D6B0F8}"
EndProject
Global
	GlobalSection(SolutionConfigurationPlatforms) = preSolution
		Debug|Any CPU = Debug|Any CPU
		Release|Any CPU = Release|Any CPU
	EndGlobalSection
	GlobalSection(ProjectConfigurationPlatforms) = postSolution
		{43248519-BA39-4A2B-8D34-76A736DD6658}.Debug|Any CPU.ActiveCfg = Debug|Any CPU
		{43248519-BA39-4A2B-8D34-76A736DD6658}.Debug|Any CPU.Build.0 = Debug|Any CPU
		{43248519-BA39-4A2B-8D34-76A736DD6658}.Release|Any CPU.ActiveCfg = Release|Any CPU
		{43248519-BA39-4A2B-8D34-76A736DD6658}.Release|Any CPU.Build.0 = Release|Any CPU
		{41529B60-7645-4A5F-A783-2ED5C19A0AD8}.Debug|Any CPU.ActiveCfg = Debug|Any CPU
		{41529B60-7645-4A5F-A783-2ED5C19A0AD8}.Debug|Any CPU.Build.0 = Debug|Any CPU
		{41529B60-7645-4A5F-A783-2ED5C19A0AD8}.Release|Any CPU.ActiveCfg = Release|Any CPU
		{41529B60-7645-4A5F-A783-2ED5C19A0AD8}.Release|Any CPU.Build.0 = Release|Any CPU
		{5E711A0A-52AC-4056-B122-AA7FDCBFF2A0}.Debug|Any CPU.ActiveCfg = Debug|Any CPU
		{5E711A0A-52AC-4056-B122-AA7FDCBFF2A0}.Debug|Any CPU.Build.0 = Debug|Any CPU
		{5E711A0A-52AC-4056-B122-AA7FDCBFF2A0}.Release|Any CPU.ActiveCfg = Release|Any CPU
		{5E711A0A-52AC-4056-B122-AA7FDCBFF2A0}.Release|Any CPU.Build.0 = Release|Any CPU
		{670A8EC6-56E5-4422-8643-6711F309678F}.Debug|Any CPU.ActiveCfg = Debug|Any CPU
		{670A8EC6-56E5-4422-8643-6711F309678F}.Debug|Any CPU.Build.0 = Debug|Any CPU
		{670A8EC6-56E5-4422-8643-6711F309678F}.Release|Any CPU.ActiveCfg = Release|Any CPU
		{670A8EC6-56E5-4422-8643-6711F309678F}.Release|Any CPU.Build.0 = Release|Any CPU
		{130ACA99-3D7B-4910-B0DD-C318CE724DAE}.Debug|Any CPU.ActiveCfg = Debug|Any CPU
		{130ACA99-3D7B-4910-B0DD-C318CE724DAE}.Debug|Any CPU.Build.0 = Debug|Any CPU
		{130ACA99-3D7B-4910-B0DD-C318CE724DAE}.Release|Any CPU.ActiveCfg = Release|Any CPU
		{130ACA99-3D7B-4910-B0DD-C318CE724DAE}.Release|Any CPU.Build.0 = Release|Any CPU
		{32C35EA6-90C6-4E4D-9754-5CFB78D6B0F8}.Debug|Any CPU.ActiveCfg = Debug|Any CPU
		{32C35EA6-90C6-4E4D-9754-5CFB78D6B0F8}.Debug|Any CPU.Build.0 = Debug|Any CPU
		{32C35EA6-90C6-4E4D-9754-5CFB78D6B0F8}.Release|Any CPU.ActiveCfg = Release|Any CPU
		{32C35EA6-90C6-4E4D-9754-5CFB78D6B0F8}.Release|Any CPU.Build.0 = Release|Any CPU
	EndGlobalSection
	GlobalSection(SolutionProperties) = preSolution
		HideSolutionNode = FALSE
	EndGlobalSection
	GlobalSection(NestedProjects) = preSolution
		{43248519-BA39-4A2B-8D34-76A736DD6658} = {C3C0CC8F-A7A1-48F9-9A4C-0683DC6DB113}
		{130ACA99-3D7B-4910-B0DD-C318CE724DAE} = {C3C0CC8F-A7A1-48F9-9A4C-0683DC6DB113}
		{32C35EA6-90C6-4E4D-9754-5CFB78D6B0F8} = {C3C0CC8F-A7A1-48F9-9A4C-0683DC6DB113}
	EndGlobalSection
	GlobalSection(ExtensibilityGlobals) = postSolution
		SolutionGuid = {3D5A76F7-C2B8-4324-8287-8F37029203F7}
	EndGlobalSection
EndGlobal
