
Microsoft Visual Studio Solution File, Format Version 12.00
# Visual Studio Version 17
VisualStudioVersion = 17.6.33829.357
MinimumVisualStudioVersion = 10.0.40219.1
Project("{9A19103F-16F7-4668-BE54-9A1E7A4F7556}") = "Vacancies", "WorkHunter\Vacancies.csproj", "{43248519-BA39-4A2B-8D34-76A736DD6658}"
EndProject
Project("{9A19103F-16F7-4668-BE54-9A1E7A4F7556}") = "DomainLayer", "DomainLayer\DomainLayer.csproj", "{41529B60-7645-4A5F-A783-2ED5C19A0AD8}"
EndProject
Project("{9A19103F-16F7-4668-BE54-9A1E7A4F7556}") = "RepositoryLayer", "RepositoryLayer\RepositoryLayer.csproj", "{5E711A0A-52AC-4056-B122-AA7FDCBFF2A0}"
EndProject
Project("{9A19103F-16F7-4668-BE54-9A1E7A4F7556}") = "ServiceLayer", "ServiceLayer\ServiceLayer.csproj", "{670A8EC6-56E5-4422-8643-6711F309678F}"
EndProject
Project("{2150E333-8FDC-42A3-9474-1A3956D46DE8}") = "MicroserviceApplication", "MicroserviceApplication", "{C3C0CC8F-A7A1-48F9-9A4C-0683DC6DB113}"
EndProject
Project("{9A19103F-16F7-4668-BE54-9A1E7A4F7556}") = "User", "PersonsApi\User.csproj", "{130ACA99-3D7B-4910-B0DD-C318CE724DAE}"
EndProject
Project("{9A19103F-16F7-4668-BE54-9A1E7A4F7556}") = "Company", "JobGiver\Company.csproj", "{32C35EA6-90C6-4E4D-9754-5CFB78D6B0F8}"
EndProject
Project("{2150E333-8FDC-42A3-9474-1A3956D46DE8}") = "CompanyService", "CompanyService", "{D7D84146-2287-4C29-99B9-1EEF11341FFA}"
EndProject
Project("{FAE04EC0-301F-11D3-BF4B-00C04F79EFBC}") = "CompanyDomain", "CompanyDomain\CompanyDomain.csproj", "{65E4D705-0DFE-4D6B-994A-44D3A0018DFA}"
EndProject
Project("{FAE04EC0-301F-11D3-BF4B-00C04F79EFBC}") = "CompanyRepository", "CompanyRepository\CompanyRepository.csproj", "{0B301A4A-1C91-4ED8-A444-492B38EC6D1F}"
EndProject
Project("{FAE04EC0-301F-11D3-BF4B-00C04F79EFBC}") = "CompanyService", "CompanyService\CompanyService.csproj", "{7169CF9E-605E-46B7-BB9B-FD1132ADE1FF}"
EndProject
Project("{2150E333-8FDC-42A3-9474-1A3956D46DE8}") = "UserService", "UserService", "{BD905850-1933-4671-867F-CEA85BDD92CC}"
EndProject
Project("{FAE04EC0-301F-11D3-BF4B-00C04F79EFBC}") = "UserDomain", "UserDomain\UserDomain.csproj", "{314B4F0B-A5B7-41EF-A20B-9DB729DABA02}"
EndProject
Project("{FAE04EC0-301F-11D3-BF4B-00C04F79EFBC}") = "UserRepository", "UserRepository\UserRepository.csproj", "{C93104D1-3C58-4B00-ACE9-447FB8B8DA95}"
EndProject
Project("{FAE04EC0-301F-11D3-BF4B-00C04F79EFBC}") = "UserService", "UserService\UserService.csproj", "{F2E27DD4-EFA7-4A88-9116-D0746E2EE256}"
EndProject
Project("{2150E333-8FDC-42A3-9474-1A3956D46DE8}") = "VacanciesService", "VacanciesService", "{1CECA171-72F1-4BB2-AFC3-4DEB0B0BC229}"
EndProject
Project("{FAE04EC0-301F-11D3-BF4B-00C04F79EFBC}") = "VacanciesDomain", "VacanciesDomain\VacanciesDomain.csproj", "{751C4638-C54D-4F8B-A7A8-70A859F7BBAA}"
EndProject
Project("{FAE04EC0-301F-11D3-BF4B-00C04F79EFBC}") = "VacanciesRepository", "VacanciesRepository\VacanciesRepository.csproj", "{AF1A24BB-8838-4A9C-85B8-68DF75596652}"
EndProject
Project("{FAE04EC0-301F-11D3-BF4B-00C04F79EFBC}") = "VacanciesService", "VacanciesService\VacanciesService.csproj", "{A24232F5-0EA1-4FE1-A9AD-6686368A8CF1}"
EndProject
Global
	GlobalSection(SolutionConfigurationPlatforms) = preSolution
		Debug|Any CPU = Debug|Any CPU
		Release|Any CPU = Release|Any CPU
	EndGlobalSection
	GlobalSection(ProjectConfigurationPlatforms) = postSolution
		{43248519-BA39-4A2B-8D34-76A736DD6658}.Debug|Any CPU.ActiveCfg = Debug|Any CPU
		{43248519-BA39-4A2B-8D34-76A736DD6658}.Debug|Any CPU.Build.0 = Debug|Any CPU
		{43248519-BA39-4A2B-8D34-76A736DD6658}.Release|Any CPU.ActiveCfg = Release|Any CPU
		{43248519-BA39-4A2B-8D34-76A736DD6658}.Release|Any CPU.Build.0 = Release|Any CPU
		{41529B60-7645-4A5F-A783-2ED5C19A0AD8}.Debug|Any CPU.ActiveCfg = Debug|Any CPU
		{41529B60-7645-4A5F-A783-2ED5C19A0AD8}.Debug|Any CPU.Build.0 = Debug|Any CPU
		{41529B60-7645-4A5F-A783-2ED5C19A0AD8}.Release|Any CPU.ActiveCfg = Release|Any CPU
		{41529B60-7645-4A5F-A783-2ED5C19A0AD8}.Release|Any CPU.Build.0 = Release|Any CPU
		{5E711A0A-52AC-4056-B122-AA7FDCBFF2A0}.Debug|Any CPU.ActiveCfg = Debug|Any CPU
		{5E711A0A-52AC-4056-B122-AA7FDCBFF2A0}.Debug|Any CPU.Build.0 = Debug|Any CPU
		{5E711A0A-52AC-4056-B122-AA7FDCBFF2A0}.Release|Any CPU.ActiveCfg = Release|Any CPU
		{5E711A0A-52AC-4056-B122-AA7FDCBFF2A0}.Release|Any CPU.Build.0 = Release|Any CPU
		{670A8EC6-56E5-4422-8643-6711F309678F}.Debug|Any CPU.ActiveCfg = Debug|Any CPU
		{670A8EC6-56E5-4422-8643-6711F309678F}.Debug|Any CPU.Build.0 = Debug|Any CPU
		{670A8EC6-56E5-4422-8643-6711F309678F}.Release|Any CPU.ActiveCfg = Release|Any CPU
		{670A8EC6-56E5-4422-8643-6711F309678F}.Release|Any CPU.Build.0 = Release|Any CPU
		{130ACA99-3D7B-4910-B0DD-C318CE724DAE}.Debug|Any CPU.ActiveCfg = Debug|Any CPU
		{130ACA99-3D7B-4910-B0DD-C318CE724DAE}.Debug|Any CPU.Build.0 = Debug|Any CPU
		{130ACA99-3D7B-4910-B0DD-C318CE724DAE}.Release|Any CPU.ActiveCfg = Release|Any CPU
		{130ACA99-3D7B-4910-B0DD-C318CE724DAE}.Release|Any CPU.Build.0 = Release|Any CPU
		{32C35EA6-90C6-4E4D-9754-5CFB78D6B0F8}.Debug|Any CPU.ActiveCfg = Debug|Any CPU
		{32C35EA6-90C6-4E4D-9754-5CFB78D6B0F8}.Debug|Any CPU.Build.0 = Debug|Any CPU
		{32C35EA6-90C6-4E4D-9754-5CFB78D6B0F8}.Release|Any CPU.ActiveCfg = Release|Any CPU
		{32C35EA6-90C6-4E4D-9754-5CFB78D6B0F8}.Release|Any CPU.Build.0 = Release|Any CPU
		{65E4D705-0DFE-4D6B-994A-44D3A0018DFA}.Debug|Any CPU.ActiveCfg = Debug|Any CPU
		{65E4D705-0DFE-4D6B-994A-44D3A0018DFA}.Debug|Any CPU.Build.0 = Debug|Any CPU
		{65E4D705-0DFE-4D6B-994A-44D3A0018DFA}.Release|Any CPU.ActiveCfg = Release|Any CPU
		{65E4D705-0DFE-4D6B-994A-44D3A0018DFA}.Release|Any CPU.Build.0 = Release|Any CPU
		{0B301A4A-1C91-4ED8-A444-492B38EC6D1F}.Debug|Any CPU.ActiveCfg = Debug|Any CPU
		{0B301A4A-1C91-4ED8-A444-492B38EC6D1F}.Debug|Any CPU.Build.0 = Debug|Any CPU
		{0B301A4A-1C91-4ED8-A444-492B38EC6D1F}.Release|Any CPU.ActiveCfg = Release|Any CPU
		{0B301A4A-1C91-4ED8-A444-492B38EC6D1F}.Release|Any CPU.Build.0 = Release|Any CPU
		{7169CF9E-605E-46B7-BB9B-FD1132ADE1FF}.Debug|Any CPU.ActiveCfg = Debug|Any CPU
		{7169CF9E-605E-46B7-BB9B-FD1132ADE1FF}.Debug|Any CPU.Build.0 = Debug|Any CPU
		{7169CF9E-605E-46B7-BB9B-FD1132ADE1FF}.Release|Any CPU.ActiveCfg = Release|Any CPU
		{7169CF9E-605E-46B7-BB9B-FD1132ADE1FF}.Release|Any CPU.Build.0 = Release|Any CPU
		{314B4F0B-A5B7-41EF-A20B-9DB729DABA02}.Debug|Any CPU.ActiveCfg = Debug|Any CPU
		{314B4F0B-A5B7-41EF-A20B-9DB729DABA02}.Debug|Any CPU.Build.0 = Debug|Any CPU
		{314B4F0B-A5B7-41EF-A20B-9DB729DABA02}.Release|Any CPU.ActiveCfg = Release|Any CPU
		{314B4F0B-A5B7-41EF-A20B-9DB729DABA02}.Release|Any CPU.Build.0 = Release|Any CPU
		{C93104D1-3C58-4B00-ACE9-447FB8B8DA95}.Debug|Any CPU.ActiveCfg = Debug|Any CPU
		{C93104D1-3C58-4B00-ACE9-447FB8B8DA95}.Debug|Any CPU.Build.0 = Debug|Any CPU
		{C93104D1-3C58-4B00-ACE9-447FB8B8DA95}.Release|Any CPU.ActiveCfg = Release|Any CPU
		{C93104D1-3C58-4B00-ACE9-447FB8B8DA95}.Release|Any CPU.Build.0 = Release|Any CPU
		{F2E27DD4-EFA7-4A88-9116-D0746E2EE256}.Debug|Any CPU.ActiveCfg = Debug|Any CPU
		{F2E27DD4-EFA7-4A88-9116-D0746E2EE256}.Debug|Any CPU.Build.0 = Debug|Any CPU
		{F2E27DD4-EFA7-4A88-9116-D0746E2EE256}.Release|Any CPU.ActiveCfg = Release|Any CPU
		{F2E27DD4-EFA7-4A88-9116-D0746E2EE256}.Release|Any CPU.Build.0 = Release|Any CPU
		{751C4638-C54D-4F8B-A7A8-70A859F7BBAA}.Debug|Any CPU.ActiveCfg = Debug|Any CPU
		{751C4638-C54D-4F8B-A7A8-70A859F7BBAA}.Debug|Any CPU.Build.0 = Debug|Any CPU
		{751C4638-C54D-4F8B-A7A8-70A859F7BBAA}.Release|Any CPU.ActiveCfg = Release|Any CPU
		{751C4638-C54D-4F8B-A7A8-70A859F7BBAA}.Release|Any CPU.Build.0 = Release|Any CPU
		{AF1A24BB-8838-4A9C-85B8-68DF75596652}.Debug|Any CPU.ActiveCfg = Debug|Any CPU
		{AF1A24BB-8838-4A9C-85B8-68DF75596652}.Debug|Any CPU.Build.0 = Debug|Any CPU
		{AF1A24BB-8838-4A9C-85B8-68DF75596652}.Release|Any CPU.ActiveCfg = Release|Any CPU
		{AF1A24BB-8838-4A9C-85B8-68DF75596652}.Release|Any CPU.Build.0 = Release|Any CPU
		{A24232F5-0EA1-4FE1-A9AD-6686368A8CF1}.Debug|Any CPU.ActiveCfg = Debug|Any CPU
		{A24232F5-0EA1-4FE1-A9AD-6686368A8CF1}.Debug|Any CPU.Build.0 = Debug|Any CPU
		{A24232F5-0EA1-4FE1-A9AD-6686368A8CF1}.Release|Any CPU.ActiveCfg = Release|Any CPU
		{A24232F5-0EA1-4FE1-A9AD-6686368A8CF1}.Release|Any CPU.Build.0 = Release|Any CPU
	EndGlobalSection
	GlobalSection(SolutionProperties) = preSolution
		HideSolutionNode = FALSE
	EndGlobalSection
	GlobalSection(NestedProjects) = preSolution
		{43248519-BA39-4A2B-8D34-76A736DD6658} = {1CECA171-72F1-4BB2-AFC3-4DEB0B0BC229}
		{130ACA99-3D7B-4910-B0DD-C318CE724DAE} = {BD905850-1933-4671-867F-CEA85BDD92CC}
		{32C35EA6-90C6-4E4D-9754-5CFB78D6B0F8} = {D7D84146-2287-4C29-99B9-1EEF11341FFA}
		{D7D84146-2287-4C29-99B9-1EEF11341FFA} = {C3C0CC8F-A7A1-48F9-9A4C-0683DC6DB113}
		{65E4D705-0DFE-4D6B-994A-44D3A0018DFA} = {D7D84146-2287-4C29-99B9-1EEF11341FFA}
		{0B301A4A-1C91-4ED8-A444-492B38EC6D1F} = {D7D84146-2287-4C29-99B9-1EEF11341FFA}
		{7169CF9E-605E-46B7-BB9B-FD1132ADE1FF} = {D7D84146-2287-4C29-99B9-1EEF11341FFA}
		{BD905850-1933-4671-867F-CEA85BDD92CC} = {C3C0CC8F-A7A1-48F9-9A4C-0683DC6DB113}
		{314B4F0B-A5B7-41EF-A20B-9DB729DABA02} = {BD905850-1933-4671-867F-CEA85BDD92CC}
		{C93104D1-3C58-4B00-ACE9-447FB8B8DA95} = {BD905850-1933-4671-867F-CEA85BDD92CC}
		{F2E27DD4-EFA7-4A88-9116-D0746E2EE256} = {BD905850-1933-4671-867F-CEA85BDD92CC}
		{1CECA171-72F1-4BB2-AFC3-4DEB0B0BC229} = {C3C0CC8F-A7A1-48F9-9A4C-0683DC6DB113}
		{751C4638-C54D-4F8B-A7A8-70A859F7BBAA} = {1CECA171-72F1-4BB2-AFC3-4DEB0B0BC229}
		{AF1A24BB-8838-4A9C-85B8-68DF75596652} = {1CECA171-72F1-4BB2-AFC3-4DEB0B0BC229}
		{A24232F5-0EA1-4FE1-A9AD-6686368A8CF1} = {1CECA171-72F1-4BB2-AFC3-4DEB0B0BC229}
	EndGlobalSection
	GlobalSection(ExtensibilityGlobals) = postSolution
		SolutionGuid = {3D5A76F7-C2B8-4324-8287-8F37029203F7}
	EndGlobalSection
EndGlobal
